github.com/ebitengine/gomobile v0.0.0-20250923094054-ea854a63cce1 h1:+kz5iTT3L7uU+VhlMfTb8hHcxLO3TlaELlX8wa4XjA0=
github.com/ebitengine/gomobile v0.0.0-20250923094054-ea854a63cce1/go.mod h1:lKJoeixeJwnFmYsBny4vvCJGVFc3aYDalhuDsfZzWHI=
github.com/ebitengine/hideconsole v1.0.0 h1:5J4U0kXF+pv/DhiXt5/lTz0eO5ogJ1iXb8Yj1yReDqE=
github.com/ebitengine/hideconsole v1.0.0/go.mod h1:hTTBTvVYWKBuxPr7peweneWdkUwEuHuB3C1R/ielR1A=
github.com/ebitengine/oto/v3 v3.4.1 h1:uX7B03/P2P8oWiSI5HXjyjSP4besYn3V9nDk3cR+eIY=
github.com/ebitengine/oto/v3 v3.4.1/go.mod h1:IOleLVD0m+CMak3mRVwsYY8vTctQgOM0iiL6S7Ar7eI=
github.com/ebitengine/purego v0.9.0 h1:mh0zpKBIXDceC63hpvPuGLiJ8ZAa3DfrFTudmfi8A4k=
github.com/ebitengine/purego v0.9.0/go.mod h1:iIjxzd6CiRiOG0UyXP+V1+jWqUXVjPKLAI0mRfJZTmQ=
github.com/hajimehoshi/ebiten/v2 v2.9.11 h1:VXnv8jHvTHEeLBoPKEvPdywwJdcemur+EoXE/0Gsj78=
github.com/hajimehoshi/ebiten/v2 v2.9.11/go.mod h1:UqZjna6ppO9dTZtO97LySdB5ustokqOcQKrAfWPrVro=
github.com/hajimehoshi/go-mp3 v0.3.4 h1:NUP7pBYH8OguP4diaTZ9wJbUbk3tC0KlfzsEpWmYj68=
github.com/hajimehoshi/go-mp3 v0.3.4/go.mod h1:fRtZraRFcWb0pu7ok0LqyFhCUrPeMsGRSVop0eemFmo=
github.com/hajimehoshi/oto/v2 v2.3.1/go.mod h1:seWLbgHH7AyUMYKfKYT9pg7PhUu9/SisyJvNTT+ASQo=
github.com/jezek/xgb v1.1.1 h1:bE/r8ZZtSv7l9gk6nU0mYx51aXrvnyb44892TwSaqS4=
github.com/jezek/xgb v1.1.1/go.mod h1:nrhwO0FX/enq75I7Y7G8iN1ubpSGZEiA3v9e9GyRFlk=
github.com/jfreymuth/oggvorbis v1.0.5 h1:u+Ck+R0eLSRhgq8WTmffYnrVtSztJcYrl588DM4e3kQ=
github.com/jfreymuth/oggvorbis v1.0.5/go.mod h1:1U4pqWmghcoVsCJJ4fRBKv9peUJMBHixthRlBeD6uII=
github.com/jfreymuth/vorbis v1.0.2 h1:m1xH6+ZI4thH927pgKD8JOH4eaGRm18rEE9/0WKjvNE=
github.com/jfreymuth/vorbis v1.0.2/go.mod h1:DoftRo4AznKnShRl1GxiTFCseHr4zR9BN3TWXyuzrqQ=
github.com/olivierh59500/democonstructionkit v0.0.0-20260923164256-05f2d4cc45ac h1:ivZQfAXXGgoybrSG7xaaPk+mGH7iGC6r7VZyeTdnjVc=
github.com/olivierh59500/democonstructionkit v0.0.0-20260923164256-05f2d4cc45ac/go.mod h1:QvIJgYXZCwRJFxzvrCu6ZdTmQ8+lO/Nuszendbx56ak=
github.com/olivierh59500/democonstructionkit v0.0.0-20260924213216-fa7d1cf4198b h1:B3XEyb9LggwWqn6Fn9QAzq7nP63WbIGBknEphUz99+I=
github.com/olivierh59500/democonstructionkit v0.0.0-20260924213216-fa7d1cf4198b/go.mod h1:QvIJgYXZCwRJFxzvrCu6ZdTmQ8+lO/Nuszendbx56ak=
github.com/olivierh59500/democonstructionkit v0.0.0-20260925093148-30c17849b08a h1:tKfWn2Nb9V+wQD5rmecoSCbbbq8UkBpnotn5/jeGh9M=
github.com/olivierh59500/democonstructionkit v0.0.0-20260925093148-30c17849b08a/go.mod h1:QvIJgYXZCwRJFxzvrCu6ZdTmQ8+lO/Nuszendbx56ak=
github.com/olivierh59500/democonstructionkit v0.0.0-20260925125601-b006aca2ae71 h1:2QeEvVhpIB0c/QOHrOWqTPxQ3+WYOzTslSKuCJZEtCU=
github.com/olivierh59500/democonstructionkit v0.0.0-20260925125601-b006aca2ae71/go.mod h1:QvIJgYXZCwRJFxzvrCu6ZdTmQ8+lO/Nuszendbx56ak=
github.com/olivierh59500/democonstructionkit v0.0.0-20260925134106-69f98b9dacd5 h1:/D6N/iw0fB5gtHtc8uqWqRu0ZuBTuE1he3JLA2ye4AY=
github.com/olivierh59500/democonstructionkit v0.0.0-20260925134106-69f98b9dacd5/go.mod h1:QvIJgYXZCwRJFxzvrCu6ZdTmQ8+lO/Nuszendbx56ak=
github.com/olivierh59500/democonstructionkit v0.0.0-20260925143115-c4bfd6fd37d3 h1:aHaqPwP0S+vpIJ6+U61tpsWbdRlTyieEUSTtyA2JKEU=
github.com/olivierh59500/democonstructionkit v0.0.0-20260925143115-c4bfd6fd37d3/go.mod h1:QvIJgYXZCwRJFxzvrCu6ZdTmQ8+lO/Nuszendbx56ak=
github.com/olivierh59500/democonstructionkit v0.0.0-20260925160115-06b407d7b6e2 h1:3YvbC3qFdf1uFIGNxxeUpQ9UyUeBmv+NcHnnOFS/Fdg=
github.com/olivierh59500/democonstructionkit v0.0.0-20260925160115-06b407d7b6e2/go.mod h1:QvIJgYXZCwRJFxzvrCu6ZdTmQ8+lO/Nuszendbx56ak=
github.com/olivierh59500/democonstructionkit v0.0.0-20260925173112-73e3055189e0 h1:W9bvzuwr2BCN3Gi78zgNKLnTGTF0Ui7N59MwJKjUXAI=
github.com/olivierh59500/democonstructionkit v0.0.0-20260925173112-73e3055189e0/go.mod h1:QvIJgYXZCwRJFxzvrCu6ZdTmQ8+lO/Nuszendbx56ak=
github.com/olivierh59500/democonstructionkit v0.0.0-20260925175548-cbb8f564c0ba h1:9g40AbVVRw7O9OP1mL3pW+hzUZatNvAJGC2SJTe2DMQ=
github.com/olivierh59500/democonstructionkit v0.0.0-20260925175548-cbb8f564c0ba/go.mod h1:QvIJgYXZCwRJFxzvrCu6ZdTmQ8+lO/Nuszendbx56ak=
github.com/olivierh59500/democonstructionkit v0.0.0-20260925181727-40cac816db51 h1:15ReEGWRYHXqHgaoJL3lt5EFhhL6/XCl911bbWGVhZw=
github.com/olivierh59500/democonstructionkit v0.0.0-20260925181727-40cac816db51/go.mod h1:QvIJgYXZCwRJFxzvrCu6ZdTmQ8+lO/Nuszendbx56ak=
github.com/olivierh59500/democonstructionkit v0.0.0-20260925182504-ac5417286b32 h1:saNb4vjdRbHQ+rK7SeCBrUbdDlYp0iCBPo+W1RHtIC0=
github.com/olivierh59500/democonstructionkit v0.0.0-20260925182504-ac5417286b32/go.mod h1:QvIJgYXZCwRJFxzvrCu6ZdTmQ8+lO/Nuszendbx56ak=
github.com/olivierh59500/democonstructionkit v0.0.0-20260925190522-b936f8c30fac h1:TtHGRYUonf3I5pz0Bb6zal51Xq6uGnn6TyDnd67z0Wg=
github.com/olivierh59500/democonstructionkit v0.0.0-20260925190522-b936f8c30fac/go.mod h1:QvIJgYXZCwRJFxzvrCu6ZdTmQ8+lO/Nuszendbx56ak=
github.com/olivierh59500/democonstructionkit v0.0.0-20260925191843-5ed3935d7606 h1:2/ksedenOFlNVzU5c5TblMzzbM+2QwS1nF8etJX68tk=
github.com/olivierh59500/democonstructionkit v0.0.0-20260925191843-5ed3935d7606/go.mod h1:QvIJgYXZCwRJFxzvrCu6ZdTmQ8+lO/Nuszendbx56ak=
github.com/olivierh59500/democonstructionkit v0.0.0-20260925195811-babc8ededcb8 h1:YW93sMOIyrKCITDEOQbo/kvRl9vzDUPe5Joqihar4xg=
github.com/olivierh59500/democonstructionkit v0.0.0-20260925195811-babc8ededcb8/go.mod h1:QvIJgYXZCwRJFxzvrCu6ZdTmQ8+lO/Nuszendbx56ak=
github.com/olivierh59500/democonstructionkit v0.0.0-20260925201345-ce96b72ad369 h1:UkJNG7oxaiK7NJWsDVx1LRqhpX/9LE1hsIzRqY0e1Uk=
github.com/olivierh59500/democonstructionkit v0.0.0-20260925201345-ce96b72ad369/go.mod h1:QvIJgYXZCwRJFxzvrCu6ZdTmQ8+lO/Nuszendbx56ak=
github.com/olivierh59500/democonstructionkit v0.0.0-20260925204213-75653efc9f36 h1:GFHN8fSCs/T1E5UYNr2cmmKU/m+KPkuCllFZa5dJfoE=
github.com/olivierh59500/democonstructionkit v0.0.0-20260925204213-75653efc9f36/go.mod h1:QvIJgYXZCwRJFxzvrCu6ZdTmQ8+lO/Nuszendbx56ak=
github.com/olivierh59500/democonstructionkit v0.0.0-20260925212726-5ca8d3a162d9 h1:COPgoTv84yxrT23ZoF4zYgBtkgyGbtDHjUx1TrfPs2g=
github.com/olivierh59500/democonstructionkit v0.0.0-20260925212726-5ca8d3a162d9/go.mod h1:QvIJgYXZCwRJFxzvrCu6ZdTmQ8+lO/Nuszendbx56ak=
github.com/olivierh59500/democonstructionkit v0.0.0-20260926034422-7e435fd6bdc2 h1:UOgFabByGhKJ0aAcLnJkeO62X6X0s79t/ssliTP69C8=
github.com/olivierh59500/democonstructionkit v0.0.0-20260926034422-7e435fd6bdc2/go.mod h1:QvIJgYXZCwRJFxzvrCu6ZdTmQ8+lO/Nuszendbx56ak=
github.com/olivierh59500/democonstructionkit v0.0.0-20260926043205-570c1e113799 h1:CdjXea1tMwr7WPJ7xUYj4AxrFU9SO6q1BOnCpD2DiB0=
github.com/olivierh59500/democonstructionkit v0.0.0-20260926043205-570c1e113799/go.mod h1:QvIJgYXZCwRJFxzvrCu6ZdTmQ8+lO/Nuszendbx56ak=
github.com/olivierh59500/democonstructionkit v0.0.0-20260926055221-6ef0d6a03f52 h1:QfxZTeKC+KiuHfilvS9m1/Gc46X1aVrOy5I0EkFcQkY=
github.com/olivierh59500/democonstructionkit v0.0.0-20260926055221-6ef0d6a03f52/go.mod h1:QvIJgYXZCwRJFxzvrCu6ZdTmQ8+lO/Nuszendbx56ak=
github.com/olivierh59500/democonstructionkit v0.0.0-20260926055904-9f330b654645 h1:ywWkGQMehC4Ao7VBZoQYWSHNDmQLWPXsj42MsO0T7TQ=
github.com/olivierh59500/democonstructionkit v0.0.0-20260926055904-9f330b654645/go.mod h1:QvIJgYXZCwRJFxzvrCu6ZdTmQ8+lO/Nuszendbx56ak=
github.com/olivierh59500/democonstructionkit v0.0.0-20260926060253-e740d9f5cdda h1:rSZJVwbmqtl2LvHpK5vzVQQpiVOattGDA037nUNfqi4=
github.com/olivierh59500/democonstructionkit v0.0.0-20260926060253-e740d9f5cdda/go.mod h1:QvIJgYXZCwRJFxzvrCu6ZdTmQ8+lO/Nuszendbx56ak=
github.com/olivierh59500/democonstructionkit v0.0.0-20260926060925-ea7739c98779 h1:CddC6eYJLjtvbWmyU+7MuvwOcWdAVXrw7EkcBoPi2a4=
github.com/olivierh59500/democonstructionkit v0.0.0-20260926060925-ea7739c98779/go.mod h1:QvIJgYXZCwRJFxzvrCu6ZdTmQ8+lO/Nuszendbx56ak=
github.com/olivierh59500/democonstructionkit v0.0.0-20260926061348-a2a7d27498dc h1:Mtf6+BHuU7Vix4HqgvIpIdfoD/mO7fxGWFW2qmutqpE=
github.com/olivierh59500/democonstructionkit v0.0.0-20260926061348-a2a7d27498dc/go.mod h1:QvIJgYXZCwRJFxzvrCu6ZdTmQ8+lO/Nuszendbx56ak=
github.com/olivierh59500/democonstructionkit v0.0.0-20260926061732-41564b462a1b h1:AvvkinVHrNdjrjGpEQvzjo/QQr0iN/p8ABM6nHTQO6E=
github.com/olivierh59500/democonstructionkit v0.0.0-20260926061732-41564b462a1b/go.mod h1:QvIJgYXZCwRJFxzvrCu6ZdTmQ8+lO/Nuszendbx56ak=
github.com/olivierh59500/go-zikmu v0.0.0-20260923085818-5b7edcccaf3d h1:wSbGIKHaABiPkOcDSUysxrDUQ+Oo3FS8x44OSLDzVNw=
github.com/olivierh59500/go-zikmu v0.0.0-20260923085818-5b7edcccaf3d/go.mod h1:hm6eQE43WMg8cn5gg4egkVVqSsB3PrWtffPFfnyy4ok=
github.com/olivierh59500/ym-player v1.0.0 h1:8gAZMsY+zzIjxuue0KlGU9dVFLoL5a0IdMO1ozUFbUc=
github.com/olivierh59500/ym-player v1.0.0/go.mod h1:CcBCg9lC4P1TUdzYcuuzzIMRvDQmksrFlCdOcNgYgxY=
golang.org/x/image v0.43.0 h1:FLxcP4ec2350nTfOC8ysKtqYSIFbk/QGjw1ZHNP4tsY=
golang.org/x/image v0.43.0/go.mod h1:rrpelvGFt+kLPAjPM4HeWPgrl0FtafueU//e5N0qk/Q=
golang.org/x/sync v0.21.0 h1:HLII4xRRTtCRkxYp4HNFF0Js/Og6q2i++KXbg0gHCwM=
golang.org/x/sync v0.21.0/go.mod h1:9xrNwdLfx4jkKbNva9FpL6vEN7evnE43NNNJQ2LF3+0=
golang.org/x/sys v0.0.0-20220712014510-0a85c31ab51e/go.mod h1:oPkhp1MJrh7nUepCBck5+mAzfO9JrbApNNgaTdGDITg=
golang.org/x/sys v0.44.0 h1:ildZl3J4uzeKP07r2F++Op7E9B29JRUy+a27EibtBTQ=
golang.org/x/sys v0.44.0/go.mod h1:4GL1E5IUh+htKOUEOaiffhrAeqysfVGipDYzABqnCmw=
